
Microsoft Visual Studio Solution File, Format Version 12.00
# Visual Studio Version 17
VisualStudioVersion = 17.11.35219.272
MinimumVisualStudioVersion = 10.0.40219.1
Project("{FAE04EC0-301F-11D3-BF4B-00C04F79EFBC}") = "Proyecto-Ing.-Software", "Proyecto-Ing.-Software\Proyecto-Ing.-Software.csproj", "{0D1635D6-10C8-4714-9521-D30B53393DE5}"
EndProject
Global
	GlobalSection(SolutionConfigurationPlatforms) = preSolution
		Debug|Any CPU = Debug|Any CPU
		Release|Any CPU = Release|Any CPU
	EndGlobalSection
	GlobalSection(ProjectConfigurationPlatforms) = postSolution
		{0D1635D6-10C8-4714-9521-D30B53393DE5}.Debug|Any CPU.ActiveCfg = Debug|Any CPU
		{0D1635D6-10C8-4714-9521-D30B53393DE5}.Debug|Any CPU.Build.0 = Debug|Any CPU
		{0D1635D6-10C8-4714-9521-D30B53393DE5}.Release|Any CPU.ActiveCfg = Release|Any CPU
		{0D1635D6-10C8-4714-9521-D30B53393DE5}.Release|Any CPU.Build.0 = Release|Any CPU
	EndGlobalSection
	GlobalSection(SolutionProperties) = preSolution
		HideSolutionNode = FALSE
	EndGlobalSection
	GlobalSection(ExtensibilityGlobals) = postSolution
		SolutionGuid = {1F3328A0-D2BD-457D-956E-A360B80D2366}
	EndGlobalSection
EndGlobal
